
Microsoft Visual Studio Solution File, Format Version 12.00
# Visual Studio Version 17
VisualStudioVersion = 17.0.32002.185
MinimumVisualStudioVersion = 10.0.40219.1
Project("{FAE04EC0-301F-11D3-BF4B-00C04F79EFBC}") = "WebApplication1", "WebApplication1.csproj", "{48FAD28D-B0AE-4D4C-9E69-DDE8F7115EF6}"
EndProject
Global
	GlobalSection(SolutionConfigurationPlatforms) = preSolution
		Debug|Any CPU = Debug|Any CPU
		Release|Any CPU = Release|Any CPU
	EndGlobalSection
	GlobalSection(ProjectConfigurationPlatforms) = postSolution
		{48FAD28D-B0AE-4D4C-9E69-DDE8F7115EF6}.Debug|Any CPU.ActiveCfg = Debug|Any CPU
		{48FAD28D-B0AE-4D4C-9E69-DDE8F7115EF6}.Debug|Any CPU.Build.0 = Debug|Any CPU
		{48FAD28D-B0AE-4D4C-9E69-DDE8F7115EF6}.Release|Any CPU.ActiveCfg = Release|Any CPU
		{48FAD28D-B0AE-4D4C-9E69-DDE8F7115EF6}.Release|Any CPU.Build.0 = Release|Any CPU
	EndGlobalSection
	GlobalSection(SolutionProperties) = preSolution
		HideSolutionNode = FALSE
	EndGlobalSection
	GlobalSection(ExtensibilityGlobals) = postSolution
		SolutionGuid = {53D3BCEB-493E-4E41-9744-2182274276C1}
	EndGlobalSection
EndGlobal
